// !$*UTF8*$!
{
	archiveVersion = 1;
	classes = {
	};
	objectVersion = 55;
	objects = {

/* Begin PBXBuildFile section */
		63EF420EA9A459D89B4AF003 /* Pods_ios_kvo_binder.framework in Frameworks */ = {isa = PBXBuildFile; fileRef = 3D12A499DFE3F7187BFBFC8C /* Pods_ios_kvo_binder.framework */; };
		802CBEA827AE7386005ACB65 /* AppDelegate.m in Sources */ = {isa = PBXBuildFile; fileRef = 802CBEA727AE7386005ACB65 /* AppDelegate.m */; };
		802CBEAB27AE7386005ACB65 /* SceneDelegate.m in Sources */ = {isa = PBXBuildFile; fileRef = 802CBEAA27AE7386005ACB65 /* SceneDelegate.m */; };
		802CBEAE27AE7386005ACB65 /* ViewController.m in Sources */ = {isa = PBXBuildFile; fileRef = 802CBEAD27AE7386005ACB65 /* ViewController.m */; };
		802CBEB127AE7386005ACB65 /* Main.storyboard in Resources */ = {isa = PBXBuildFile; fileRef = 802CBEAF27AE7386005ACB65 /* Main.storyboard */; };
		802CBEB327AE7387005ACB65 /* Assets.xcassets in Resources */ = {isa = PBXBuildFile; fileRef = 802CBEB227AE7387005ACB65 /* Assets.xcassets */; };
		802CBEB627AE7387005ACB65 /* LaunchScreen.storyboard in Resources */ = {isa = PBXBuildFile; fileRef = 802CBEB427AE7387005ACB65 /* LaunchScreen.storyboard */; };
		802CBEB927AE7387005ACB65 /* main.m in Sources */ = {isa = PBXBuildFile; fileRef = 802CBEB827AE7387005ACB65 /* main.m */; };
/* End PBXBuildFile section */

/* Begin PBXFileReference section */
		3A1E2C45AE4BB32121C5CA3E /* Pods-ios_kvo_binder.release.xcconfig */ = {isa = PBXFileReference; includeInIndex = 1; lastKnownFileType = text.xcconfig; name = "Pods-ios_kvo_binder.release.xcconfig"; path = "Target Support Files/Pods-ios_kvo_binder/Pods-ios_kvo_binder.release.xcconfig"; sourceTree = "<group>"; };
		3D12A499DFE3F7187BFBFC8C /* Pods_ios_kvo_binder.framework */ = {isa = PBXFileReference; explicitFileType = wrapper.framework; includeInIndex = 0; path = Pods_ios_kvo_binder.framework; sourceTree = BUILT_PRODUCTS_DIR; };
		802CBEA327AE7386005ACB65 /* ios_kvo_binder.app */ = {isa = PBXFileReference; explicitFileType = wrapper.application; includeInIndex = 0; path = ios_kvo_binder.app; sourceTree = BUILT_PRODUCTS_DIR; };
		802CBEA627AE7386005ACB65 /* AppDelegate.h */ = {isa = PBXFileReference; lastKnownFileType = sourcecode.c.h; path = AppDelegate.h; sourceTree = "<group>"; };
		802CBEA727AE7386005ACB65 /* AppDelegate.m */ = {isa = PBXFileReference; lastKnownFileType = sourcecode.c.objc; path = AppDelegate.m; sourceTree = "<group>"; };
		802CBEA927AE7386005ACB65 /* SceneDelegate.h */ = {isa = PBXFileReference; lastKnownFileType = sourcecode.c.h; path = SceneDelegate.h; sourceTree = "<group>"; };
		802CBEAA27AE7386005ACB65 /* SceneDelegate.m */ = {isa = PBXFileReference; lastKnownFileType = sourcecode.c.objc; path = SceneDelegate.m; sourceTree = "<group>"; };
		802CBEAC27AE7386005ACB65 /* ViewController.h */ = {isa = PBXFileReference; lastKnownFileType = sourcecode.c.h; path = ViewController.h; sourceTree = "<group>"; };
		802CBEAD27AE7386005ACB65 /* ViewController.m */ = {isa = PBXFileReference; lastKnownFileType = sourcecode.c.objc; path = ViewController.m; sourceTree = "<group>"; };
		802CBEB027AE7386005ACB65 /* Base */ = {isa = PBXFileReference; lastKnownFileType = file.storyboard; name = Base; path = Base.lproj/Main.storyboard; sourceTree = "<group>"; };
		802CBEB227AE7387005ACB65 /* Assets.xcassets */ = {isa = PBXFileReference; lastKnownFileType = folder.assetcatalog; path = Assets.xcassets; sourceTree = "<group>"; };
		802CBEB527AE7387005ACB65 /* Base */ = {isa = PBXFileReference; lastKnownFileType = file.storyboard; name = Base; path = Base.lproj/LaunchScreen.storyboard; sourceTree = "<group>"; };
		802CBEB727AE7387005ACB65 /* Info.plist */ = {isa = PBXFileReference; lastKnownFileType = text.plist.xml; path = Info.plist; sourceTree = "<group>"; };
		802CBEB827AE7387005ACB65 /* main.m */ = {isa = PBXFileReference; lastKnownFileType = sourcecode.c.objc; path = main.m; sourceTree = "<group>"; };
		E75F0C3261EEA987B4CAD50B /* Pods-ios_kvo_binder.debug.xcconfig */ = {isa = PBXFileReference; includeInIndex = 1; lastKnownFileType = text.xcconfig; name = "Pods-ios_kvo_binder.debug.xcconfig"; path = "Target Support Files/Pods-ios_kvo_binder/Pods-ios_kvo_binder.debug.xcconfig"; sourceTree = "<group>"; };
/* End PBXFileReference section */

/* Begin PBXFrameworksBuildPhase section */
		802CBEA027AE7386005ACB65 /* Frameworks */ = {
			isa = PBXFrameworksBuildPhase;
			buildActionMask = 2147483647;
			files = (
				63EF420EA9A459D89B4AF003 /* Pods_ios_kvo_binder.framework in Frameworks */,
			);
			runOnlyForDeploymentPostprocessing = 0;
		};
/* End PBXFrameworksBuildPhase section */

/* Begin PBXGroup section */
		2EC32958B6880660897609EF /* Frameworks */ = {
			isa = PBXGroup;
			children = (
				3D12A499DFE3F7187BFBFC8C /* Pods_ios_kvo_binder.framework */,
			);
			name = Frameworks;
			sourceTree = "<group>";
		};
		802CBE9A27AE7385005ACB65 = {
			isa = PBXGroup;
			children = (
				802CBEA527AE7386005ACB65 /* ios_kvo_binder */,
				802CBEA427AE7386005ACB65 /* Products */,
				862271156F09D4EAA82FF7B8 /* Pods */,
				2EC32958B6880660897609EF /* Frameworks */,
			);
			sourceTree = "<group>";
		};
		802CBEA427AE7386005ACB65 /* Products */ = {
			isa = PBXGroup;
			children = (
				802CBEA327AE7386005ACB65 /* ios_kvo_binder.app */,
			);
			name = Products;
			sourceTree = "<group>";
		};
		802CBEA527AE7386005ACB65 /* ios_kvo_binder */ = {
			isa = PBXGroup;
			children = (
				802CBEA627AE7386005ACB65 /* AppDelegate.h */,
				802CBEA727AE7386005ACB65 /* AppDelegate.m */,
				802CBEA927AE7386005ACB65 /* SceneDelegate.h */,
				802CBEAA27AE7386005ACB65 /* SceneDelegate.m */,
				802CBEAC27AE7386005ACB65 /* ViewController.h */,
				802CBEAD27AE7386005ACB65 /* ViewController.m */,
				802CBEAF27AE7386005ACB65 /* Main.storyboard */,
				802CBEB227AE7387005ACB65 /* Assets.xcassets */,
				802CBEB427AE7387005ACB65 /* LaunchScreen.storyboard */,
				802CBEB727AE7387005ACB65 /* Info.plist */,
				802CBEB827AE7387005ACB65 /* main.m */,
			);
			path = ios_kvo_binder;
			sourceTree = "<group>";
		};
		862271156F09D4EAA82FF7B8 /* Pods */ = {
			isa = PBXGroup;
			children = (
				E75F0C3261EEA987B4CAD50B /* Pods-ios_kvo_binder.debug.xcconfig */,
				3A1E2C45AE4BB32121C5CA3E /* Pods-ios_kvo_binder.release.xcconfig */,
			);
			name = Pods;
			path = Pods;
			sourceTree = "<group>";
		};
/* End PBXGroup section */

/* Begin PBXNativeTarget section */
		802CBEA227AE7386005ACB65 /* ios_kvo_binder */ = {
			isa = PBXNativeTarget;
			buildConfigurationList = 802CBEBC27AE7387005ACB65 /* Build configuration list for PBXNativeTarget "ios_kvo_binder" */;
			buildPhases = (
				18FE11F1524844465AE9670C /* [CP] Check Pods Manifest.lock */,
				802CBE9F27AE7386005ACB65 /* Sources */,
				802CBEA027AE7386005ACB65 /* Frameworks */,
				802CBEA127AE7386005ACB65 /* Resources */,
			);
			buildRules = (
			);
			dependencies = (
			);
			name = ios_kvo_binder;
			productName = ios_kvo_binder;
			productReference = 802CBEA327AE7386005ACB65 /* ios_kvo_binder.app */;
			productType = "com.apple.product-type.application";
		};
/* End PBXNativeTarget section */

/* Begin PBXProject section */
		802CBE9B27AE7385005ACB65 /* Project object */ = {
			isa = PBXProject;
			attributes = {
				BuildIndependentTargetsInParallel = 1;
				LastUpgradeCheck = 1320;
				TargetAttributes = {
					802CBEA227AE7386005ACB65 = {
						CreatedOnToolsVersion = 13.2.1;
					};
				};
			};
			buildConfigurationList = 802CBE9E27AE7385005ACB65 /* Build configuration list for PBXProject "ios_kvo_binder" */;
			compatibilityVersion = "Xcode 13.0";
			developmentRegion = en;
			hasScannedForEncodings = 0;
			knownRegions = (
				en,
				Base,
			);
			mainGroup = 802CBE9A27AE7385005ACB65;
			productRefGroup = 802CBEA427AE7386005ACB65 /* Products */;
			projectDirPath = "";
			projectRoot = "";
			targets = (
				802CBEA227AE7386005ACB65 /* ios_kvo_binder */,
			);
		};
/* End PBXProject section */

/* Begin PBXResourcesBuildPhase section */
		802CBEA127AE7386005ACB65 /* Resources */ = {
			isa = PBXResourcesBuildPhase;
			buildActionMask = 2147483647;
			files = (
				802CBEB627AE7387005ACB65 /* LaunchScreen.storyboard in Resources */,
				802CBEB327AE7387005ACB65 /* Assets.xcassets in Resources */,
				802CBEB127AE7386005ACB65 /* Main.storyboard in Resources */,
			);
			runOnlyForDeploymentPostprocessing = 0;
		};
/* End PBXResourcesBuildPhase section */

/* Begin PBXShellScriptBuildPhase section */
		18FE11F1524844465AE9670C /* [CP] Check Pods Manifest.lock */ = {
			isa = PBXShellScriptBuildPhase;
			buildActionMask = 2147483647;
			files = (
			);
			inputFileListPaths = (
			);
			inputPaths = (
				"${PODS_PODFILE_DIR_PATH}/Podfile.lock",
				"${PODS_ROOT}/Manifest.lock",
			);
			name = "[CP] Check Pods Manifest.lock";
			outputFileListPaths = (
			);
			outputPaths = (
				"$(DERIVED_FILE_DIR)/Pods-ios_kvo_binder-checkManifestLockResult.txt",
			);
			runOnlyForDeploymentPostprocessing = 0;
			shellPath = /bin/sh;
			shellScript = "diff \"${PODS_PODFILE_DIR_PATH}/Podfile.lock\" \"${PODS_ROOT}/Manifest.lock\" > /dev/null\nif [ $? != 0 ] ; then\n    # print error to STDERR\n    echo \"error: The sandbox is not in sync with the Podfile.lock. Run 'pod install' or update your CocoaPods installation.\" >&2\n    exit 1\nfi\n# This output is used by Xcode 'outputs' to avoid re-running this script phase.\necho \"SUCCESS\" > \"${SCRIPT_OUTPUT_FILE_0}\"\n";
			showEnvVarsInLog = 0;
		};
/* End PBXShellScriptBuildPhase section */

/* Begin PBXSourcesBuildPhase section */
		802CBE9F27AE7386005ACB65 /* Sources */ = {
			isa = PBXSourcesBuildPhase;
			buildActionMask = 2147483647;
			files = (
				802CBEAE27AE7386005ACB65 /* ViewController.m in Sources */,
				802CBEA827AE7386005ACB65 /* AppDelegate.m in Sources */,
				802CBEB927AE7387005ACB65 /* main.m in Sources */,
				802CBEAB27AE7386005ACB65 /* SceneDelegate.m in Sources */,
			);
			runOnlyForDeploymentPostprocessing = 0;
		};
/* End PBXSourcesBuildPhase section */

/* Begin PBXVariantGroup section */
		802CBEAF27AE7386005ACB65 /* Main.storyboard */ = {
			isa = PBXVariantGroup;
			children = (
				802CBEB027AE7386005ACB65 /* Base */,
			);
			name = Main.storyboard;
			sourceTree = "<group>";
		};
		802CBEB427AE7387005ACB65 /* LaunchScreen.storyboard */ = {
			isa = PBXVariantGroup;
			children = (
				802CBEB527AE7387005ACB65 /* Base */,
			);
			name = LaunchScreen.storyboard;
			sourceTree = "<group>";
		};
/* End PBXVariantGroup section */

/* Begin XCBuildConfiguration section */
		802CBEBA27AE7387005ACB65 /* Debug */ = {
			isa = XCBuildConfiguration;
			buildSettings = {
				ALWAYS_SEARCH_USER_PATHS = NO;
				CLANG_ANALYZER_NONNULL = YES;
				CLANG_ANALYZER_NUMBER_OBJECT_CONVERSION = YES_AGGRESSIVE;
				CLANG_CXX_LANGUAGE_STANDARD = "gnu++17";
				CLANG_CXX_LIBRARY = "libc++";
				CLANG_ENABLE_MODULES = YES;
				CLANG_ENABLE_OBJC_ARC = YES;
				CLANG_ENABLE_OBJC_WEAK = YES;
				CLANG_WARN_BLOCK_CAPTURE_AUTORELEASING = YES;
				CLANG_WARN_BOOL_CONVERSION = YES;
				CLANG_WARN_COMMA = YES;
				CLANG_WARN_CONSTANT_CONVERSION = YES;
				CLANG_WARN_DEPRECATED_OBJC_IMPLEMENTATIONS = YES;
				CLANG_WARN_DIRECT_OBJC_ISA_USAGE = YES_ERROR;
				CLANG_WARN_DOCUMENTATION_COMMENTS = YES;
				CLANG_WARN_EMPTY_BODY = YES;
				CLANG_WARN_ENUM_CONVERSION = YES;
				CLANG_WARN_INFINITE_RECURSION = YES;
				CLANG_WARN_INT_CONVERSION = YES;
				CLANG_WARN_NON_LITERAL_NULL_CONVERSION = YES;
				CLANG_WARN_OBJC_IMPLICIT_RETAIN_SELF = YES;
				CLANG_WARN_OBJC_LITERAL_CONVERSION = YES;
				CLANG_WARN_OBJC_ROOT_CLASS = YES_ERROR;
				CLANG_WARN_QUOTED_INCLUDE_IN_FRAMEWORK_HEADER = YES;
				CLANG_WARN_RANGE_LOOP_ANALYSIS = YES;
				CLANG_WARN_STRICT_PROTOTYPES = YES;
				CLANG_WARN_SUSPICIOUS_MOVE = YES;
				CLANG_WARN_UNGUARDED_AVAILABILITY = YES_AGGRESSIVE;
				CLANG_WARN_UNREACHABLE_CODE = YES;
				CLANG_WARN__DUPLICATE_METHOD_MATCH = YES;
				COPY_PHASE_STRIP = NO;
				DEBUG_INFORMATION_FORMAT = dwarf;
				ENABLE_STRICT_OBJC_MSGSEND = YES;
				ENABLE_TESTABILITY = YES;
				GCC_C_LANGUAGE_STANDARD = gnu11;
				GCC_DYNAMIC_NO_PIC = NO;
				GCC_NO_COMMON_BLOCKS = YES;
				GCC_OPTIMIZATION_LEVEL = 0;
				GCC_PREPROCESSOR_DEFINITIONS = (
					"DEBUG=1",
					"$(inherited)",
				);
				GCC_WARN_64_TO_32_BIT_CONVERSION = YES;
				GCC_WARN_ABOUT_RETURN_TYPE = YES_ERROR;
				GCC_WARN_UNDECLARED_SELECTOR = YES;
				GCC_WARN_UNINITIALIZED_AUTOS = YES_AGGRESSIVE;
				GCC_WARN_UNUSED_FUNCTION = YES;
				GCC_WARN_UNUSED_VARIABLE = YES;
				IPHONEOS_DEPLOYMENT_TARGET = 14.0;
				MTL_ENABLE_DEBUG_INFO = INCLUDE_SOURCE;
				MTL_FAST_MATH = YES;
				ONLY_ACTIVE_ARCH = YES;
				SDKROOT = iphoneos;
			};
			name = Debug;
		};
		802CBEBB27AE7387005ACB65 /* Release */ = {
			isa = XCBuildConfiguration;
			buildSettings = {
				ALWAYS_SEARCH_USER_PATHS = NO;
				CLANG_ANALYZER_NONNULL = YES;
				CLANG_ANALYZER_NUMBER_OBJECT_CONVERSION = YES_AGGRESSIVE;
				CLANG_CXX_LANGUAGE_STANDARD = "gnu++17";
				CLANG_CXX_LIBRARY = "libc++";
				CLANG_ENABLE_MODULES = YES;
				CLANG_ENABLE_OBJC_ARC = YES;
				CLANG_ENABLE_OBJC_WEAK = YES;
				CLANG_WARN_BLOCK_CAPTURE_AUTORELEASING = YES;
				CLANG_WARN_BOOL_CONVERSION = YES;
				CLANG_WARN_COMMA = YES;
				CLANG_WARN_CONSTANT_CONVERSION = YES;
				CLANG_WARN_DEPRECATED_OBJC_IMPLEMENTATIONS = YES;
				CLANG_WARN_DIRECT_OBJC_ISA_USAGE = YES_ERROR;
				CLANG_WARN_DOCUMENTATION_COMMENTS = YES;
				CLANG_WARN_EMPTY_BODY = YES;
				CLANG_WARN_ENUM_CONVERSION = YES;
				CLANG_WARN_INFINITE_RECURSION = YES;
				CLANG_WARN_INT_CONVERSION = YES;
				CLANG_WARN_NON_LITERAL_NULL_CONVERSION = YES;
				CLANG_WARN_OBJC_IMPLICIT_RETAIN_SELF = YES;
				CLANG_WARN_OBJC_LITERAL_CONVERSION = YES;
				CLANG_WARN_OBJC_ROOT_CLASS = YES_ERROR;
				CLANG_WARN_QUOTED_INCLUDE_IN_FRAMEWORK_HEADER = YES;
				CLANG_WARN_RANGE_LOOP_ANALYSIS = YES;
				CLANG_WARN_STRICT_PROTOTYPES = YES;
				CLANG_WARN_SUSPICIOUS_MOVE = YES;
				CLANG_WARN_UNGUARDED_AVAILABILITY = YES_AGGRESSIVE;
				CLANG_WARN_UNREACHABLE_CODE = YES;
				CLANG_WARN__DUPLICATE_METHOD_MATCH = YES;
				COPY_PHASE_STRIP = NO;
				DEBUG_INFORMATION_FORMAT = "dwarf-with-dsym";
				ENABLE_NS_ASSERTIONS = NO;
				ENABLE_STRICT_OBJC_MSGSEND = YES;
				GCC_C_LANGUAGE_STANDARD = gnu11;
				GCC_NO_COMMON_BLOCKS = YES;
				GCC_WARN_64_TO_32_BIT_CONVERSION = YES;
				GCC_WARN_ABOUT_RETURN_TYPE = YES_ERROR;
				GCC_WARN_UNDECLARED_SELECTOR = YES;
				GCC_WARN_UNINITIALIZED_AUTOS = YES_AGGRESSIVE;
				GCC_WARN_UNUSED_FUNCTION = YES;
				GCC_WARN_UNUSED_VARIABLE = YES;
				IPHONEOS_DEPLOYMENT_TARGET = 14.0;
				MTL_ENABLE_DEBUG_INFO = NO;
				MTL_FAST_MATH = YES;
				SDKROOT = iphoneos;
				VALIDATE_PRODUCT = YES;
			};
			name = Release;
		};
		802CBEBD27AE7387005ACB65 /* Debug */ = {
			isa = XCBuildConfiguration;
			baseConfigurationReference = E75F0C3261EEA987B4CAD50B /* Pods-ios_kvo_binder.debug.xcconfig */;
			buildSettings = {
				ASSETCATALOG_COMPILER_APPICON_NAME = AppIcon;
				ASSETCATALOG_COMPILER_GLOBAL_ACCENT_COLOR_NAME = AccentColor;
				CODE_SIGN_STYLE = Automatic;
				CURRENT_PROJECT_VERSION = 1;
				GENERATE_INFOPLIST_FILE = YES;
				INFOPLIST_FILE = ios_kvo_binder/Info.plist;
				INFOPLIST_KEY_UIApplicationSupportsIndirectInputEvents = YES;
				INFOPLIST_KEY_UILaunchStoryboardName = LaunchScreen;
				INFOPLIST_KEY_UIMainStoryboardFile = Main;
				INFOPLIST_KEY_UISupportedInterfaceOrientations_iPad = "UIInterfaceOrientationPortrait UIInterfaceOrientationPortraitUpsideDown UIInterfaceOrientationLandscapeLeft UIInterfaceOrientationLandscapeRight";
				INFOPLIST_KEY_UISupportedInterfaceOrientations_iPhone = "UIInterfaceOrientationPortrait UIInterfaceOrientationLandscapeLeft UIInterfaceOrientationLandscapeRight";
				LD_RUNPATH_SEARCH_PATHS = (
					"$(inherited)",
					"@executable_path/Frameworks",
				);
				MARKETING_VERSION = 1.0;
				PRODUCT_BUNDLE_IDENTIFIER = "com.hydra.ios-kvo-binder";
				PRODUCT_NAME = "$(TARGET_NAME)";
				SWIFT_EMIT_LOC_STRINGS = YES;
				TARGETED_DEVICE_FAMILY = "1,2";
			};
			name = Debug;
		};
		802CBEBE27AE7387005ACB65 /* Release */ = {
			isa = XCBuildConfiguration;
			baseConfigurationReference = 3A1E2C45AE4BB32121C5CA3E /* Pods-ios_kvo_binder.release.xcconfig */;
			buildSettings = {
				ASSETCATALOG_COMPILER_APPICON_NAME = AppIcon;
				ASSETCATALOG_COMPILER_GLOBAL_ACCENT_COLOR_NAME = AccentColor;
				CODE_SIGN_STYLE = Automatic;
				CURRENT_PROJECT_VERSION = 1;
				GENERATE_INFOPLIST_FILE = YES;
				INFOPLIST_FILE = ios_kvo_binder/Info.plist;
				INFOPLIST_KEY_UIApplicationSupportsIndirectInputEvents = YES;
				INFOPLIST_KEY_UILaunchStoryboardName = LaunchScreen;
				INFOPLIST_KEY_UIMainStoryboardFile = Main;
				INFOPLIST_KEY_UISupportedInterfaceOrientations_iPad = "UIInterfaceOrientationPortrait UIInterfaceOrientationPortraitUpsideDown UIInterfaceOrientationLandscapeLeft UIInterfaceOrientationLandscapeRight";
				INFOPLIST_KEY_UISupportedInterfaceOrientations_iPhone = "UIInterfaceOrientationPortrait UIInterfaceOrientationLandscapeLeft UIInterfaceOrientationLandscapeRight";
				LD_RUNPATH_SEARCH_PATHS = (
					"$(inherited)",
					"@executable_path/Frameworks",
				);
				MARKETING_VERSION = 1.0;
				PRODUCT_BUNDLE_IDENTIFIER = "com.hydra.ios-kvo-binder";
				PRODUCT_NAME = "$(TARGET_NAME)";
				SWIFT_EMIT_LOC_STRINGS = YES;
				TARGETED_DEVICE_FAMILY = "1,2";
			};
			name = Release;
		};
/* End XCBuildConfiguration section */

/* Begin XCConfigurationList section */
		802CBE9E27AE7385005ACB65 /* Build configuration list for PBXProject "ios_kvo_binder" */ = {
			isa = XCConfigurationList;
			buildConfigurations = (
				802CBEBA27AE7387005ACB65 /* Debug */,
				802CBEBB27AE7387005ACB65 /* Release */,
			);
			defaultConfigurationIsVisible = 0;
			defaultConfigurationName = Release;
		};
		802CBEBC27AE7387005ACB65 /* Build configuration list for PBXNativeTarget "ios_kvo_binder" */ = {
			isa = XCConfigurationList;
			buildConfigurations = (
				802CBEBD27AE7387005ACB65 /* Debug */,
				802CBEBE27AE7387005ACB65 /* Release */,
			);
			defaultConfigurationIsVisible = 0;
			defaultConfigurationName = Release;
		};
/* End XCConfigurationList section */
	};
	rootObject = 802CBE9B27AE7385005ACB65 /* Project object */;
}
